// !$*UTF8*$!
{
	archiveVersion = 1;
	classes = {
	};
	objectVersion = 55;
	objects = {

/* Begin PBXBuildFile section */
		001350BC281E647100BA0686 /* SetupView.swift in Sources */ = {isa = PBXBuildFile; fileRef = 001350BB281E647100BA0686 /* SetupView.swift */; };
		0036DDCA27EDD2DA003B1F74 /* CyberRulesLearnView.swift in Sources */ = {isa = PBXBuildFile; fileRef = 0036DDC927EDD2DA003B1F74 /* CyberRulesLearnView.swift */; };
		0036DDCC27EE047B003B1F74 /* BluetoothLearnView.swift in Sources */ = {isa = PBXBuildFile; fileRef = 0036DDCB27EE047B003B1F74 /* BluetoothLearnView.swift */; };
		0036DDCE27EE04B5003B1F74 /* WiFiLearnView.swift in Sources */ = {isa = PBXBuildFile; fileRef = 0036DDCD27EE04B5003B1F74 /* WiFiLearnView.swift */; };
		0036DDD027EE04D1003B1F74 /* MobileNetworkLearnVIew.swift in Sources */ = {isa = PBXBuildFile; fileRef = 0036DDCF27EE04D1003B1F74 /* MobileNetworkLearnVIew.swift */; };
		003A67712800873200CE255F /* Localizable.strings in Resources */ = {isa = PBXBuildFile; fileRef = 003A67732800873200CE255F /* Localizable.strings */; };
		003A677828008BE400CE255F /* InfoView.swift in Sources */ = {isa = PBXBuildFile; fileRef = 003A677728008BE400CE255F /* InfoView.swift */; };
		003A677A28008C8700CE255F /* HintView.swift in Sources */ = {isa = PBXBuildFile; fileRef = 003A677928008C8700CE255F /* HintView.swift */; };
		003A677C28008D7600CE255F /* ButtonView.swift in Sources */ = {isa = PBXBuildFile; fileRef = 003A677B28008D7600CE255F /* ButtonView.swift */; };
		006DE08A2814323C0057349F /* Settings.bundle in Resources */ = {isa = PBXBuildFile; fileRef = 006DE0892814323C0057349F /* Settings.bundle */; };
		00C6100627E4E63B003C9780 /* PlaySound.swift in Sources */ = {isa = PBXBuildFile; fileRef = 00C6100527E4E63B003C9780 /* PlaySound.swift */; };
		00C6100827E4E793003C9780 /* PINKNoise.mp3 in Resources */ = {isa = PBXBuildFile; fileRef = 00C6100727E4E793003C9780 /* PINKNoise.mp3 */; };
		00C8ACF327EC771200D4A6C2 /* SidemenuView.swift in Sources */ = {isa = PBXBuildFile; fileRef = 00C8ACF227EC771200D4A6C2 /* SidemenuView.swift */; };
		00C8ACF827ECEFF400D4A6C2 /* GeneralLearnView.swift in Sources */ = {isa = PBXBuildFile; fileRef = 00C8ACF727ECEFF400D4A6C2 /* GeneralLearnView.swift */; };
		00C8ACFA27ECF3BD00D4A6C2 /* ConnectionView.swift in Sources */ = {isa = PBXBuildFile; fileRef = 00C8ACF927ECF3BD00D4A6C2 /* ConnectionView.swift */; };
		00C8ACFC27ECF3EE00D4A6C2 /* SettingsLearnView.swift in Sources */ = {isa = PBXBuildFile; fileRef = 00C8ACFB27ECF3EE00D4A6C2 /* SettingsLearnView.swift */; };
		00F8E24427D3D9B300A11169 /* PinkNoiseView.swift in Sources */ = {isa = PBXBuildFile; fileRef = 00F8E24327D3D9B300A11169 /* PinkNoiseView.swift */; };
		00F8E24627D3E12200A11169 /* LearnView.swift in Sources */ = {isa = PBXBuildFile; fileRef = 00F8E24527D3E12200A11169 /* LearnView.swift */; };
		00F8E24827D3E12D00A11169 /* AboutView.swift in Sources */ = {isa = PBXBuildFile; fileRef = 00F8E24727D3E12D00A11169 /* AboutView.swift */; };
		050711BE27B698200046CE4C /* PNGenApp.swift in Sources */ = {isa = PBXBuildFile; fileRef = 050711BD27B698200046CE4C /* PNGenApp.swift */; };
		050711C027B698200046CE4C /* ContentView.swift in Sources */ = {isa = PBXBuildFile; fileRef = 050711BF27B698200046CE4C /* ContentView.swift */; };
		050711C227B698230046CE4C /* Assets.xcassets in Resources */ = {isa = PBXBuildFile; fileRef = 050711C127B698230046CE4C /* Assets.xcassets */; };
		050711C527B698230046CE4C /* Preview Assets.xcassets in Resources */ = {isa = PBXBuildFile; fileRef = 050711C427B698230046CE4C /* Preview Assets.xcassets */; };
		050711CF27B698230046CE4C /* PNGenTests.swift in Sources */ = {isa = PBXBuildFile; fileRef = 050711CE27B698230046CE4C /* PNGenTests.swift */; };
		050711D927B698230046CE4C /* PNGenUITests.swift in Sources */ = {isa = PBXBuildFile; fileRef = 050711D827B698230046CE4C /* PNGenUITests.swift */; };
		050711DB27B698230046CE4C /* PNGenUITestsLaunchTests.swift in Sources */ = {isa = PBXBuildFile; fileRef = 050711DA27B698230046CE4C /* PNGenUITestsLaunchTests.swift */; };
/* End PBXBuildFile section */

/* Begin PBXContainerItemProxy section */
		050711CB27B698230046CE4C /* PBXContainerItemProxy */ = {
			isa = PBXContainerItemProxy;
			containerPortal = 050711B227B698200046CE4C /* Project object */;
			proxyType = 1;
			remoteGlobalIDString = 050711B927B698200046CE4C;
			remoteInfo = PNGen;
		};
		050711D527B698230046CE4C /* PBXContainerItemProxy */ = {
			isa = PBXContainerItemProxy;
			containerPortal = 050711B227B698200046CE4C /* Project object */;
			proxyType = 1;
			remoteGlobalIDString = 050711B927B698200046CE4C;
			remoteInfo = PNGen;
		};
/* End PBXContainerItemProxy section */

/* Begin PBXFileReference section */
		001350BB281E647100BA0686 /* SetupView.swift */ = {isa = PBXFileReference; lastKnownFileType = sourcecode.swift; path = SetupView.swift; sourceTree = "<group>"; };
		0036DDC927EDD2DA003B1F74 /* CyberRulesLearnView.swift */ = {isa = PBXFileReference; lastKnownFileType = sourcecode.swift; path = CyberRulesLearnView.swift; sourceTree = "<group>"; };
		0036DDCB27EE047B003B1F74 /* BluetoothLearnView.swift */ = {isa = PBXFileReference; lastKnownFileType = sourcecode.swift; path = BluetoothLearnView.swift; sourceTree = "<group>"; };
		0036DDCD27EE04B5003B1F74 /* WiFiLearnView.swift */ = {isa = PBXFileReference; lastKnownFileType = sourcecode.swift; path = WiFiLearnView.swift; sourceTree = "<group>"; };
		0036DDCF27EE04D1003B1F74 /* MobileNetworkLearnVIew.swift */ = {isa = PBXFileReference; lastKnownFileType = sourcecode.swift; path = MobileNetworkLearnVIew.swift; sourceTree = "<group>"; };
		003A67722800873200CE255F /* en */ = {isa = PBXFileReference; lastKnownFileType = text.plist.strings; name = en; path = en.lproj/Localizable.strings; sourceTree = "<group>"; };
		003A67742800873700CE255F /* fr */ = {isa = PBXFileReference; lastKnownFileType = text.plist.strings; name = fr; path = fr.lproj/Localizable.strings; sourceTree = "<group>"; };
		003A67752800873E00CE255F /* de */ = {isa = PBXFileReference; lastKnownFileType = text.plist.strings; name = de; path = de.lproj/Localizable.strings; sourceTree = "<group>"; };
		003A677728008BE400CE255F /* InfoView.swift */ = {isa = PBXFileReference; lastKnownFileType = sourcecode.swift; path = InfoView.swift; sourceTree = "<group>"; };
		003A677928008C8700CE255F /* HintView.swift */ = {isa = PBXFileReference; lastKnownFileType = sourcecode.swift; path = HintView.swift; sourceTree = "<group>"; };
		003A677B28008D7600CE255F /* ButtonView.swift */ = {isa = PBXFileReference; lastKnownFileType = sourcecode.swift; path = ButtonView.swift; sourceTree = "<group>"; };
		00601F6C27F757CD00A2E765 /* PNGen-Info.plist */ = {isa = PBXFileReference; lastKnownFileType = text.plist; path = "PNGen-Info.plist"; sourceTree = "<group>"; };
		006DE0892814323C0057349F /* Settings.bundle */ = {isa = PBXFileReference; lastKnownFileType = "wrapper.plug-in"; path = Settings.bundle; sourceTree = "<group>"; };
		00C6100527E4E63B003C9780 /* PlaySound.swift */ = {isa = PBXFileReference; lastKnownFileType = sourcecode.swift; path = PlaySound.swift; sourceTree = "<group>"; };
		00C6100727E4E793003C9780 /* PINKNoise.mp3 */ = {isa = PBXFileReference; lastKnownFileType = audio.mp3; path = PINKNoise.mp3; sourceTree = "<group>"; };
		00C8ACF227EC771200D4A6C2 /* SidemenuView.swift */ = {isa = PBXFileReference; lastKnownFileType = sourcecode.swift; path = SidemenuView.swift; sourceTree = "<group>"; };
		00C8ACF727ECEFF400D4A6C2 /* GeneralLearnView.swift */ = {isa = PBXFileReference; lastKnownFileType = sourcecode.swift; path = GeneralLearnView.swift; sourceTree = "<group>"; };
		00C8ACF927ECF3BD00D4A6C2 /* ConnectionView.swift */ = {isa = PBXFileReference; lastKnownFileType = sourcecode.swift; path = ConnectionView.swift; sourceTree = "<group>"; };
		00C8ACFB27ECF3EE00D4A6C2 /* SettingsLearnView.swift */ = {isa = PBXFileReference; lastKnownFileType = sourcecode.swift; path = SettingsLearnView.swift; sourceTree = "<group>"; };
		00F8E24327D3D9B300A11169 /* PinkNoiseView.swift */ = {isa = PBXFileReference; lastKnownFileType = sourcecode.swift; path = PinkNoiseView.swift; sourceTree = "<group>"; };
		00F8E24527D3E12200A11169 /* LearnView.swift */ = {isa = PBXFileReference; lastKnownFileType = sourcecode.swift; path = LearnView.swift; sourceTree = "<group>"; };
		00F8E24727D3E12D00A11169 /* AboutView.swift */ = {isa = PBXFileReference; lastKnownFileType = sourcecode.swift; path = AboutView.swift; sourceTree = "<group>"; };
		050711BA27B698200046CE4C /* PNGen.app */ = {isa = PBXFileReference; explicitFileType = wrapper.application; includeInIndex = 0; path = PNGen.app; sourceTree = BUILT_PRODUCTS_DIR; };
		050711BD27B698200046CE4C /* PNGenApp.swift */ = {isa = PBXFileReference; lastKnownFileType = sourcecode.swift; path = PNGenApp.swift; sourceTree = "<group>"; };
		050711BF27B698200046CE4C /* ContentView.swift */ = {isa = PBXFileReference; lastKnownFileType = sourcecode.swift; path = ContentView.swift; sourceTree = "<group>"; };
		050711C127B698230046CE4C /* Assets.xcassets */ = {isa = PBXFileReference; lastKnownFileType = folder.assetcatalog; path = Assets.xcassets; sourceTree = "<group>"; };
		050711C427B698230046CE4C /* Preview Assets.xcassets */ = {isa = PBXFileReference; lastKnownFileType = folder.assetcatalog; path = "Preview Assets.xcassets"; sourceTree = "<group>"; };
		050711CA27B698230046CE4C /* PNGenTests.xctest */ = {isa = PBXFileReference; explicitFileType = wrapper.cfbundle; includeInIndex = 0; path = PNGenTests.xctest; sourceTree = BUILT_PRODUCTS_DIR; };
		050711CE27B698230046CE4C /* PNGenTests.swift */ = {isa = PBXFileReference; lastKnownFileType = sourcecode.swift; path = PNGenTests.swift; sourceTree = "<group>"; };
		050711D427B698230046CE4C /* PNGenUITests.xctest */ = {isa = PBXFileReference; explicitFileType = wrapper.cfbundle; includeInIndex = 0; path = PNGenUITests.xctest; sourceTree = BUILT_PRODUCTS_DIR; };
		050711D827B698230046CE4C /* PNGenUITests.swift */ = {isa = PBXFileReference; lastKnownFileType = sourcecode.swift; path = PNGenUITests.swift; sourceTree = "<group>"; };
		050711DA27B698230046CE4C /* PNGenUITestsLaunchTests.swift */ = {isa = PBXFileReference; lastKnownFileType = sourcecode.swift; path = PNGenUITestsLaunchTests.swift; sourceTree = "<group>"; };
/* End PBXFileReference section */

/* Begin PBXFrameworksBuildPhase section */
		050711B727B698200046CE4C /* Frameworks */ = {
			isa = PBXFrameworksBuildPhase;
			buildActionMask = 2147483647;
			files = (
			);
			runOnlyForDeploymentPostprocessing = 0;
		};
		050711C727B698230046CE4C /* Frameworks */ = {
			isa = PBXFrameworksBuildPhase;
			buildActionMask = 2147483647;
			files = (
			);
			runOnlyForDeploymentPostprocessing = 0;
		};
		050711D127B698230046CE4C /* Frameworks */ = {
			isa = PBXFrameworksBuildPhase;
			buildActionMask = 2147483647;
			files = (
			);
			runOnlyForDeploymentPostprocessing = 0;
		};
/* End PBXFrameworksBuildPhase section */

/* Begin PBXGroup section */
		003A676E280086E600CE255F /* Utilities */ = {
			isa = PBXGroup;
			children = (
				003A67732800873200CE255F /* Localizable.strings */,
			);
			path = Utilities;
			sourceTree = "<group>";
		};
		003A677628008B7B00CE255F /* HomeViews */ = {
			isa = PBXGroup;
			children = (
				003A677728008BE400CE255F /* InfoView.swift */,
				003A677928008C8700CE255F /* HintView.swift */,
				003A677B28008D7600CE255F /* ButtonView.swift */,
			);
			path = HomeViews;
			sourceTree = "<group>";
		};
		00C6100227E4E29E003C9780 /* Sound */ = {
			isa = PBXGroup;
			children = (
				00C6100527E4E63B003C9780 /* PlaySound.swift */,
				00C6100727E4E793003C9780 /* PINKNoise.mp3 */,
			);
			path = Sound;
			sourceTree = "<group>";
		};
		00C8ACF627ECD24B00D4A6C2 /* LearnViews */ = {
			isa = PBXGroup;
			children = (
				00C8ACF227EC771200D4A6C2 /* SidemenuView.swift */,
				00C8ACF727ECEFF400D4A6C2 /* GeneralLearnView.swift */,
				0036DDC927EDD2DA003B1F74 /* CyberRulesLearnView.swift */,
				0036DDCB27EE047B003B1F74 /* BluetoothLearnView.swift */,
				0036DDCD27EE04B5003B1F74 /* WiFiLearnView.swift */,
				0036DDCF27EE04D1003B1F74 /* MobileNetworkLearnVIew.swift */,
				00C8ACF927ECF3BD00D4A6C2 /* ConnectionView.swift */,
				00C8ACFB27ECF3EE00D4A6C2 /* SettingsLearnView.swift */,
			);
			path = LearnViews;
			sourceTree = "<group>";
		};
		00F8E23E27D3C11C00A11169 /* Screens */ = {
			isa = PBXGroup;
			children = (
				003A677628008B7B00CE255F /* HomeViews */,
				00C8ACF627ECD24B00D4A6C2 /* LearnViews */,
				00F8E24327D3D9B300A11169 /* PinkNoiseView.swift */,
				00F8E24527D3E12200A11169 /* LearnView.swift */,
				00F8E24727D3E12D00A11169 /* AboutView.swift */,
				001350BB281E647100BA0686 /* SetupView.swift */,
			);
			path = Screens;
			sourceTree = "<group>";
		};
		00F8E24227D3CB6300A11169 /* Logic */ = {
			isa = PBXGroup;
			children = (
				00C6100227E4E29E003C9780 /* Sound */,
			);
			path = Logic;
			sourceTree = "<group>";
		};
		050711B127B698200046CE4C = {
			isa = PBXGroup;
			children = (
				00601F6C27F757CD00A2E765 /* PNGen-Info.plist */,
				050711BC27B698200046CE4C /* PNGenApp */,
				050711CD27B698230046CE4C /* PNGenAppTests */,
				050711D727B698230046CE4C /* PNGenUITests */,
				050711BB27B698200046CE4C /* Products */,
			);
			sourceTree = "<group>";
		};
		050711BB27B698200046CE4C /* Products */ = {
			isa = PBXGroup;
			children = (
				050711BA27B698200046CE4C /* PNGen.app */,
				050711CA27B698230046CE4C /* PNGenTests.xctest */,
				050711D427B698230046CE4C /* PNGenUITests.xctest */,
			);
			name = Products;
			sourceTree = "<group>";
		};
		050711BC27B698200046CE4C /* PNGenApp */ = {
			isa = PBXGroup;
			children = (
				003A676E280086E600CE255F /* Utilities */,
				00F8E24227D3CB6300A11169 /* Logic */,
				00F8E23E27D3C11C00A11169 /* Screens */,
				050711BD27B698200046CE4C /* PNGenApp.swift */,
				050711BF27B698200046CE4C /* ContentView.swift */,
				050711C127B698230046CE4C /* Assets.xcassets */,
				050711C327B698230046CE4C /* Preview Content */,
				006DE0892814323C0057349F /* Settings.bundle */,
			);
			path = PNGenApp;
			sourceTree = "<group>";
		};
		050711C327B698230046CE4C /* Preview Content */ = {
			isa = PBXGroup;
			children = (
				050711C427B698230046CE4C /* Preview Assets.xcassets */,
			);
			path = "Preview Content";
			sourceTree = "<group>";
		};
		050711CD27B698230046CE4C /* PNGenAppTests */ = {
			isa = PBXGroup;
			children = (
				050711CE27B698230046CE4C /* PNGenTests.swift */,
			);
			path = PNGenAppTests;
			sourceTree = "<group>";
		};
		050711D727B698230046CE4C /* PNGenUITests */ = {
			isa = PBXGroup;
			children = (
				050711D827B698230046CE4C /* PNGenUITests.swift */,
				050711DA27B698230046CE4C /* PNGenUITestsLaunchTests.swift */,
			);
			path = PNGenUITests;
			sourceTree = "<group>";
		};
/* End PBXGroup section */

/* Begin PBXNativeTarget section */
		050711B927B698200046CE4C /* PNGen */ = {
			isa = PBXNativeTarget;
			buildConfigurationList = 050711DE27B698230046CE4C /* Build configuration list for PBXNativeTarget "PNGen" */;
			buildPhases = (
				050711B627B698200046CE4C /* Sources */,
				050711B727B698200046CE4C /* Frameworks */,
				050711B827B698200046CE4C /* Resources */,
			);
			buildRules = (
			);
			dependencies = (
			);
			name = PNGen;
			productName = PNGen;
			productReference = 050711BA27B698200046CE4C /* PNGen.app */;
			productType = "com.apple.product-type.application";
		};
		050711C927B698230046CE4C /* PNGenTests */ = {
			isa = PBXNativeTarget;
			buildConfigurationList = 050711E127B698230046CE4C /* Build configuration list for PBXNativeTarget "PNGenTests" */;
			buildPhases = (
				050711C627B698230046CE4C /* Sources */,
				050711C727B698230046CE4C /* Frameworks */,
				050711C827B698230046CE4C /* Resources */,
			);
			buildRules = (
			);
			dependencies = (
				050711CC27B698230046CE4C /* PBXTargetDependency */,
			);
			name = PNGenTests;
			productName = PNGenTests;
			productReference = 050711CA27B698230046CE4C /* PNGenTests.xctest */;
			productType = "com.apple.product-type.bundle.unit-test";
		};
		050711D327B698230046CE4C /* PNGenUITests */ = {
			isa = PBXNativeTarget;
			buildConfigurationList = 050711E427B698230046CE4C /* Build configuration list for PBXNativeTarget "PNGenUITests" */;
			buildPhases = (
				050711D027B698230046CE4C /* Sources */,
				050711D127B698230046CE4C /* Frameworks */,
				050711D227B698230046CE4C /* Resources */,
			);
			buildRules = (
			);
			dependencies = (
				050711D627B698230046CE4C /* PBXTargetDependency */,
			);
			name = PNGenUITests;
			productName = PNGenUITests;
			productReference = 050711D427B698230046CE4C /* PNGenUITests.xctest */;
			productType = "com.apple.product-type.bundle.ui-testing";
		};
/* End PBXNativeTarget section */

/* Begin PBXProject section */
		050711B227B698200046CE4C /* Project object */ = {
			isa = PBXProject;
			attributes = {
				BuildIndependentTargetsInParallel = 1;
				LastSwiftUpdateCheck = 1320;
				LastUpgradeCheck = 1320;
				TargetAttributes = {
					050711B927B698200046CE4C = {
						CreatedOnToolsVersion = 13.2.1;
					};
					050711C927B698230046CE4C = {
						CreatedOnToolsVersion = 13.2.1;
						TestTargetID = 050711B927B698200046CE4C;
					};
					050711D327B698230046CE4C = {
						CreatedOnToolsVersion = 13.2.1;
						TestTargetID = 050711B927B698200046CE4C;
					};
				};
			};
			buildConfigurationList = 050711B527B698200046CE4C /* Build configuration list for PBXProject "PNGen" */;
			compatibilityVersion = "Xcode 13.0";
			developmentRegion = en;
			hasScannedForEncodings = 0;
			knownRegions = (
				en,
				Base,
				de,
				fr,
			);
			mainGroup = 050711B127B698200046CE4C;
			productRefGroup = 050711BB27B698200046CE4C /* Products */;
			projectDirPath = "";
			projectRoot = "";
			targets = (
				050711B927B698200046CE4C /* PNGen */,
				050711C927B698230046CE4C /* PNGenTests */,
				050711D327B698230046CE4C /* PNGenUITests */,
			);
		};
/* End PBXProject section */

/* Begin PBXResourcesBuildPhase section */
		050711B827B698200046CE4C /* Resources */ = {
			isa = PBXResourcesBuildPhase;
			buildActionMask = 2147483647;
			files = (
				003A67712800873200CE255F /* Localizable.strings in Resources */,
				050711C527B698230046CE4C /* Preview Assets.xcassets in Resources */,
				006DE08A2814323C0057349F /* Settings.bundle in Resources */,
				050711C227B698230046CE4C /* Assets.xcassets in Resources */,
				00C6100827E4E793003C9780 /* PINKNoise.mp3 in Resources */,
			);
			runOnlyForDeploymentPostprocessing = 0;
		};
		050711C827B698230046CE4C /* Resources */ = {
			isa = PBXResourcesBuildPhase;
			buildActionMask = 2147483647;
			files = (
			);
			runOnlyForDeploymentPostprocessing = 0;
		};
		050711D227B698230046CE4C /* Resources */ = {
			isa = PBXResourcesBuildPhase;
			buildActionMask = 2147483647;
			files = (
			);
			runOnlyForDeploymentPostprocessing = 0;
		};
/* End PBXResourcesBuildPhase section */

/* Begin PBXSourcesBuildPhase section */
		050711B627B698200046CE4C /* Sources */ = {
			isa = PBXSourcesBuildPhase;
			buildActionMask = 2147483647;
			files = (
				0036DDD027EE04D1003B1F74 /* MobileNetworkLearnVIew.swift in Sources */,
				003A677A28008C8700CE255F /* HintView.swift in Sources */,
				050711C027B698200046CE4C /* ContentView.swift in Sources */,
				00C6100627E4E63B003C9780 /* PlaySound.swift in Sources */,
				001350BC281E647100BA0686 /* SetupView.swift in Sources */,
				0036DDCC27EE047B003B1F74 /* BluetoothLearnView.swift in Sources */,
				003A677828008BE400CE255F /* InfoView.swift in Sources */,
				00F8E24627D3E12200A11169 /* LearnView.swift in Sources */,
				00C8ACF327EC771200D4A6C2 /* SidemenuView.swift in Sources */,
				050711BE27B698200046CE4C /* PNGenApp.swift in Sources */,
				00F8E24427D3D9B300A11169 /* PinkNoiseView.swift in Sources */,
				00C8ACFA27ECF3BD00D4A6C2 /* ConnectionView.swift in Sources */,
				00C8ACF827ECEFF400D4A6C2 /* GeneralLearnView.swift in Sources */,
				0036DDCE27EE04B5003B1F74 /* WiFiLearnView.swift in Sources */,
				0036DDCA27EDD2DA003B1F74 /* CyberRulesLearnView.swift in Sources */,
				003A677C28008D7600CE255F /* ButtonView.swift in Sources */,
				00F8E24827D3E12D00A11169 /* AboutView.swift in Sources */,
				00C8ACFC27ECF3EE00D4A6C2 /* SettingsLearnView.swift in Sources */,
			);
			runOnlyForDeploymentPostprocessing = 0;
		};
		050711C627B698230046CE4C /* Sources */ = {
			isa = PBXSourcesBuildPhase;
			buildActionMask = 2147483647;
			files = (
				050711CF27B698230046CE4C /* PNGenTests.swift in Sources */,
			);
			runOnlyForDeploymentPostprocessing = 0;
		};
		050711D027B698230046CE4C /* Sources */ = {
			isa = PBXSourcesBuildPhase;
			buildActionMask = 2147483647;
			files = (
				050711D927B698230046CE4C /* PNGenUITests.swift in Sources */,
				050711DB27B698230046CE4C /* PNGenUITestsLaunchTests.swift in Sources */,
			);
			runOnlyForDeploymentPostprocessing = 0;
		};
/* End PBXSourcesBuildPhase section */

/* Begin PBXTargetDependency section */
		050711CC27B698230046CE4C /* PBXTargetDependency */ = {
			isa = PBXTargetDependency;
			target = 050711B927B698200046CE4C /* PNGen */;
			targetProxy = 050711CB27B698230046CE4C /* PBXContainerItemProxy */;
		};
		050711D627B698230046CE4C /* PBXTargetDependency */ = {
			isa = PBXTargetDependency;
			target = 050711B927B698200046CE4C /* PNGen */;
			targetProxy = 050711D527B698230046CE4C /* PBXContainerItemProxy */;
		};
/* End PBXTargetDependency section */

/* Begin PBXVariantGroup section */
		003A67732800873200CE255F /* Localizable.strings */ = {
			isa = PBXVariantGroup;
			children = (
				003A67722800873200CE255F /* en */,
				003A67742800873700CE255F /* fr */,
				003A67752800873E00CE255F /* de */,
			);
			name = Localizable.strings;
			sourceTree = "<group>";
		};
/* End PBXVariantGroup section */

/* Begin XCBuildConfiguration section */
		050711DC27B698230046CE4C /* Debug */ = {
			isa = XCBuildConfiguration;
			buildSettings = {
				ALWAYS_SEARCH_USER_PATHS = NO;
				CLANG_ANALYZER_LOCALIZABILITY_NONLOCALIZED = YES;
				CLANG_ANALYZER_NONNULL = YES;
				CLANG_ANALYZER_NUMBER_OBJECT_CONVERSION = YES_AGGRESSIVE;
				CLANG_CXX_LANGUAGE_STANDARD = "gnu++17";
				CLANG_CXX_LIBRARY = "libc++";
				CLANG_ENABLE_MODULES = YES;
				CLANG_ENABLE_OBJC_ARC = YES;
				CLANG_ENABLE_OBJC_WEAK = YES;
				CLANG_WARN_BLOCK_CAPTURE_AUTORELEASING = YES;
				CLANG_WARN_BOOL_CONVERSION = YES;
				CLANG_WARN_COMMA = YES;
				CLANG_WARN_CONSTANT_CONVERSION = YES;
				CLANG_WARN_DEPRECATED_OBJC_IMPLEMENTATIONS = YES;
				CLANG_WARN_DIRECT_OBJC_ISA_USAGE = YES_ERROR;
				CLANG_WARN_DOCUMENTATION_COMMENTS = YES;
				CLANG_WARN_EMPTY_BODY = YES;
				CLANG_WARN_ENUM_CONVERSION = YES;
				CLANG_WARN_INFINITE_RECURSION = YES;
				CLANG_WARN_INT_CONVERSION = YES;
				CLANG_WARN_NON_LITERAL_NULL_CONVERSION = YES;
				CLANG_WARN_OBJC_IMPLICIT_RETAIN_SELF = YES;
				CLANG_WARN_OBJC_LITERAL_CONVERSION = YES;
				CLANG_WARN_OBJC_ROOT_CLASS = YES_ERROR;
				CLANG_WARN_QUOTED_INCLUDE_IN_FRAMEWORK_HEADER = YES;
				CLANG_WARN_RANGE_LOOP_ANALYSIS = YES;
				CLANG_WARN_STRICT_PROTOTYPES = YES;
				CLANG_WARN_SUSPICIOUS_MOVE = YES;
				CLANG_WARN_UNGUARDED_AVAILABILITY = YES_AGGRESSIVE;
				CLANG_WARN_UNREACHABLE_CODE = YES;
				CLANG_WARN__DUPLICATE_METHOD_MATCH = YES;
				COPY_PHASE_STRIP = NO;
				DEBUG_INFORMATION_FORMAT = dwarf;
				ENABLE_STRICT_OBJC_MSGSEND = YES;
				ENABLE_TESTABILITY = YES;
				GCC_C_LANGUAGE_STANDARD = gnu11;
				GCC_DYNAMIC_NO_PIC = NO;
				GCC_NO_COMMON_BLOCKS = YES;
				GCC_OPTIMIZATION_LEVEL = 0;
				GCC_PREPROCESSOR_DEFINITIONS = (
					"DEBUG=1",
					"$(inherited)",
				);
				GCC_WARN_64_TO_32_BIT_CONVERSION = YES;
				GCC_WARN_ABOUT_RETURN_TYPE = YES_ERROR;
				GCC_WARN_UNDECLARED_SELECTOR = YES;
				GCC_WARN_UNINITIALIZED_AUTOS = YES_AGGRESSIVE;
				GCC_WARN_UNUSED_FUNCTION = YES;
				GCC_WARN_UNUSED_VARIABLE = YES;
				IPHONEOS_DEPLOYMENT_TARGET = 15.2;
				MTL_ENABLE_DEBUG_INFO = INCLUDE_SOURCE;
				MTL_FAST_MATH = YES;
				ONLY_ACTIVE_ARCH = YES;
				SDKROOT = iphoneos;
				SWIFT_ACTIVE_COMPILATION_CONDITIONS = DEBUG;
				SWIFT_OPTIMIZATION_LEVEL = "-Onone";
			};
			name = Debug;
		};
		050711DD27B698230046CE4C /* Release */ = {
			isa = XCBuildConfiguration;
			buildSettings = {
				ALWAYS_SEARCH_USER_PATHS = NO;
				CLANG_ANALYZER_LOCALIZABILITY_NONLOCALIZED = YES;
				CLANG_ANALYZER_NONNULL = YES;
				CLANG_ANALYZER_NUMBER_OBJECT_CONVERSION = YES_AGGRESSIVE;
				CLANG_CXX_LANGUAGE_STANDARD = "gnu++17";
				CLANG_CXX_LIBRARY = "libc++";
				CLANG_ENABLE_MODULES = YES;
				CLANG_ENABLE_OBJC_ARC = YES;
				CLANG_ENABLE_OBJC_WEAK = YES;
				CLANG_WARN_BLOCK_CAPTURE_AUTORELEASING = YES;
				CLANG_WARN_BOOL_CONVERSION = YES;
				CLANG_WARN_COMMA = YES;
				CLANG_WARN_CONSTANT_CONVERSION = YES;
				CLANG_WARN_DEPRECATED_OBJC_IMPLEMENTATIONS = YES;
				CLANG_WARN_DIRECT_OBJC_ISA_USAGE = YES_ERROR;
				CLANG_WARN_DOCUMENTATION_COMMENTS = YES;
				CLANG_WARN_EMPTY_BODY = YES;
				CLANG_WARN_ENUM_CONVERSION = YES;
				CLANG_WARN_INFINITE_RECURSION = YES;
				CLANG_WARN_INT_CONVERSION = YES;
				CLANG_WARN_NON_LITERAL_NULL_CONVERSION = YES;
				CLANG_WARN_OBJC_IMPLICIT_RETAIN_SELF = YES;
				CLANG_WARN_OBJC_LITERAL_CONVERSION = YES;
				CLANG_WARN_OBJC_ROOT_CLASS = YES_ERROR;
				CLANG_WARN_QUOTED_INCLUDE_IN_FRAMEWORK_HEADER = YES;
				CLANG_WARN_RANGE_LOOP_ANALYSIS = YES;
				CLANG_WARN_STRICT_PROTOTYPES = YES;
				CLANG_WARN_SUSPICIOUS_MOVE = YES;
				CLANG_WARN_UNGUARDED_AVAILABILITY = YES_AGGRESSIVE;
				CLANG_WARN_UNREACHABLE_CODE = YES;
				CLANG_WARN__DUPLICATE_METHOD_MATCH = YES;
				COPY_PHASE_STRIP = NO;
				DEBUG_INFORMATION_FORMAT = "dwarf-with-dsym";
				ENABLE_NS_ASSERTIONS = NO;
				ENABLE_STRICT_OBJC_MSGSEND = YES;
				GCC_C_LANGUAGE_STANDARD = gnu11;
				GCC_NO_COMMON_BLOCKS = YES;
				GCC_WARN_64_TO_32_BIT_CONVERSION = YES;
				GCC_WARN_ABOUT_RETURN_TYPE = YES_ERROR;
				GCC_WARN_UNDECLARED_SELECTOR = YES;
				GCC_WARN_UNINITIALIZED_AUTOS = YES_AGGRESSIVE;
				GCC_WARN_UNUSED_FUNCTION = YES;
				GCC_WARN_UNUSED_VARIABLE = YES;
				IPHONEOS_DEPLOYMENT_TARGET = 15.2;
				MTL_ENABLE_DEBUG_INFO = NO;
				MTL_FAST_MATH = YES;
				SDKROOT = iphoneos;
				SWIFT_COMPILATION_MODE = wholemodule;
				SWIFT_OPTIMIZATION_LEVEL = "-O";
				VALIDATE_PRODUCT = YES;
			};
			name = Release;
		};
		050711DF27B698230046CE4C /* Debug */ = {
			isa = XCBuildConfiguration;
			buildSettings = {
				ASSETCATALOG_COMPILER_APPICON_NAME = AppIcon;
				ASSETCATALOG_COMPILER_GLOBAL_ACCENT_COLOR_NAME = AccentColor;
				CODE_SIGN_IDENTITY = "Apple Development";
				CODE_SIGN_STYLE = Automatic;
				CURRENT_PROJECT_VERSION = 1;
				DEVELOPMENT_ASSET_PATHS = "\"PNGenApp/Preview Content\"";
				DEVELOPMENT_TEAM = G78THZNY99;
				ENABLE_PREVIEWS = YES;
				GENERATE_INFOPLIST_FILE = YES;
				INFOPLIST_FILE = "PNGen-Info.plist";
				INFOPLIST_KEY_UIApplicationSupportsIndirectInputEvents = YES;
				INFOPLIST_KEY_UILaunchScreen_Generation = YES;
				INFOPLIST_KEY_UISupportedInterfaceOrientations = "";
				INFOPLIST_KEY_UISupportedInterfaceOrientations_iPad = "UIInterfaceOrientationPortrait UIInterfaceOrientationLandscapeRight UIInterfaceOrientationLandscapeLeft UIInterfaceOrientationPortraitUpsideDown";
				INFOPLIST_KEY_UISupportedInterfaceOrientations_iPhone = UIInterfaceOrientationPortrait;
				LD_RUNPATH_SEARCH_PATHS = (
					"$(inherited)",
					"@executable_path/Frameworks",
				);
				MARKETING_VERSION = 1.0.2;
				PRODUCT_BUNDLE_IDENTIFIER = "BAA-HSLU.PNGen";
				PRODUCT_NAME = "$(TARGET_NAME)";
				PROVISIONING_PROFILE_SPECIFIER = "";
				SWIFT_EMIT_LOC_STRINGS = YES;
				SWIFT_VERSION = 5.0;
				TARGETED_DEVICE_FAMILY = "1,2";
			};
			name = Debug;
		};
		050711E027B698230046CE4C /* Release */ = {
			isa = XCBuildConfiguration;
			buildSettings = {
				ASSETCATALOG_COMPILER_APPICON_NAME = AppIcon;
				ASSETCATALOG_COMPILER_GLOBAL_ACCENT_COLOR_NAME = AccentColor;
				CODE_SIGN_IDENTITY = "Apple Development";
				CODE_SIGN_STYLE = Automatic;
				CURRENT_PROJECT_VERSION = 1;
				DEVELOPMENT_ASSET_PATHS = "\"PNGenApp/Preview Content\"";
				DEVELOPMENT_TEAM = G78THZNY99;
				ENABLE_PREVIEWS = YES;
				GENERATE_INFOPLIST_FILE = YES;
				INFOPLIST_FILE = "PNGen-Info.plist";
				INFOPLIST_KEY_UIApplicationSupportsIndirectInputEvents = YES;
				INFOPLIST_KEY_UILaunchScreen_Generation = YES;
				INFOPLIST_KEY_UISupportedInterfaceOrientations = "";
				INFOPLIST_KEY_UISupportedInterfaceOrientations_iPad = "UIInterfaceOrientationPortrait UIInterfaceOrientationLandscapeRight UIInterfaceOrientationLandscapeLeft UIInterfaceOrientationPortraitUpsideDown";
				INFOPLIST_KEY_UISupportedInterfaceOrientations_iPhone = UIInterfaceOrientationPortrait;
				LD_RUNPATH_SEARCH_PATHS = (
					"$(inherited)",
					"@executable_path/Frameworks",
				);
				MARKETING_VERSION = 1.0.2;
				PRODUCT_BUNDLE_IDENTIFIER = "BAA-HSLU.PNGen";
				PRODUCT_NAME = "$(TARGET_NAME)";
				PROVISIONING_PROFILE_SPECIFIER = "";
				SWIFT_EMIT_LOC_STRINGS = YES;
				SWIFT_VERSION = 5.0;
				TARGETED_DEVICE_FAMILY = "1,2";
			};
			name = Release;
		};
		050711E227B698230046CE4C /* Debug */ = {
			isa = XCBuildConfiguration;
			buildSettings = {
				ALWAYS_EMBED_SWIFT_STANDARD_LIBRARIES = YES;
				BUNDLE_LOADER = "$(TEST_HOST)";
				CODE_SIGN_STYLE = Automatic;
				CURRENT_PROJECT_VERSION = 1;
				DEVELOPMENT_TEAM = G78THZNY99;
				GENERATE_INFOPLIST_FILE = YES;
				IPHONEOS_DEPLOYMENT_TARGET = 15.2;
				MARKETING_VERSION = 1.0;
				PRODUCT_BUNDLE_IDENTIFIER = ThomasArnold.PNGenTests;
				PRODUCT_NAME = "$(TARGET_NAME)";
				SWIFT_EMIT_LOC_STRINGS = NO;
				SWIFT_VERSION = 5.0;
				TARGETED_DEVICE_FAMILY = "1,2";
				TEST_HOST = "$(BUILT_PRODUCTS_DIR)/PNGen.app/PNGen";
			};
			name = Debug;
		};
		050711E327B698230046CE4C /* Release */ = {
			isa = XCBuildConfiguration;
			buildSettings = {
				ALWAYS_EMBED_SWIFT_STANDARD_LIBRARIES = YES;
				BUNDLE_LOADER = "$(TEST_HOST)";
				CODE_SIGN_STYLE = Automatic;
				CURRENT_PROJECT_VERSION = 1;
				DEVELOPMENT_TEAM = G78THZNY99;
				GENERATE_INFOPLIST_FILE = YES;
				IPHONEOS_DEPLOYMENT_TARGET = 15.2;
				MARKETING_VERSION = 1.0;
				PRODUCT_BUNDLE_IDENTIFIER = ThomasArnold.PNGenTests;
				PRODUCT_NAME = "$(TARGET_NAME)";
				SWIFT_EMIT_LOC_STRINGS = NO;
				SWIFT_VERSION = 5.0;
				TARGETED_DEVICE_FAMILY = "1,2";
				TEST_HOST = "$(BUILT_PRODUCTS_DIR)/PNGen.app/PNGen";
			};
			name = Release;
		};
		050711E527B698230046CE4C /* Debug */ = {
			isa = XCBuildConfiguration;
			buildSettings = {
				ALWAYS_EMBED_SWIFT_STANDARD_LIBRARIES = YES;
				CODE_SIGN_STYLE = Automatic;
				CURRENT_PROJECT_VERSION = 1;
				DEVELOPMENT_TEAM = G78THZNY99;
				GENERATE_INFOPLIST_FILE = YES;
				MARKETING_VERSION = 1.0;
				PRODUCT_BUNDLE_IDENTIFIER = ThomasArnold.PNGenUITests;
				PRODUCT_NAME = "$(TARGET_NAME)";
				SWIFT_EMIT_LOC_STRINGS = NO;
				SWIFT_VERSION = 5.0;
				TARGETED_DEVICE_FAMILY = "1,2";
				TEST_TARGET_NAME = PNGen;
			};
			name = Debug;
		};
		050711E627B698230046CE4C /* Release */ = {
			isa = XCBuildConfiguration;
			buildSettings = {
				ALWAYS_EMBED_SWIFT_STANDARD_LIBRARIES = YES;
				CODE_SIGN_STYLE = Automatic;
				CURRENT_PROJECT_VERSION = 1;
				DEVELOPMENT_TEAM = G78THZNY99;
				GENERATE_INFOPLIST_FILE = YES;
				MARKETING_VERSION = 1.0;
				PRODUCT_BUNDLE_IDENTIFIER = ThomasArnold.PNGenUITests;
				PRODUCT_NAME = "$(TARGET_NAME)";
				SWIFT_EMIT_LOC_STRINGS = NO;
				SWIFT_VERSION = 5.0;
				TARGETED_DEVICE_FAMILY = "1,2";
				TEST_TARGET_NAME = PNGen;
			};
			name = Release;
		};
/* End XCBuildConfiguration section */

/* Begin XCConfigurationList section */
		050711B527B698200046CE4C /* Build configuration list for PBXProject "PNGen" */ = {
			isa = XCConfigurationList;
			buildConfigurations = (
				050711DC27B698230046CE4C /* Debug */,
				050711DD27B698230046CE4C /* Release */,
			);
			defaultConfigurationIsVisible = 0;
			defaultConfigurationName = Release;
		};
		050711DE27B698230046CE4C /* Build configuration list for PBXNativeTarget "PNGen" */ = {
			isa = XCConfigurationList;
			buildConfigurations = (
				050711DF27B698230046CE4C /* Debug */,
				050711E027B698230046CE4C /* Release */,
			);
			defaultConfigurationIsVisible = 0;
			defaultConfigurationName = Release;
		};
		050711E127B698230046CE4C /* Build configuration list for PBXNativeTarget "PNGenTests" */ = {
			isa = XCConfigurationList;
			buildConfigurations = (
				050711E227B698230046CE4C /* Debug */,
				050711E327B698230046CE4C /* Release */,
			);
			defaultConfigurationIsVisible = 0;
			defaultConfigurationName = Release;
		};
		050711E427B698230046CE4C /* Build configuration list for PBXNativeTarget "PNGenUITests" */ = {
			isa = XCConfigurationList;
			buildConfigurations = (
				050711E527B698230046CE4C /* Debug */,
				050711E627B698230046CE4C /* Release */,
			);
			defaultConfigurationIsVisible = 0;
			defaultConfigurationName = Release;
		};
/* End XCConfigurationList section */
	};
	rootObject = 050711B227B698200046CE4C /* Project object */;
}
